
Microsoft Visual Studio Solution File, Format Version 12.00
# Visual Studio Version 16
VisualStudioVersion = 16.0.29609.76
MinimumVisualStudioVersion = 10.0.40219.1
Project("{FAE04EC0-301F-11D3-BF4B-00C04F79EFBC}") = "nHentai-Downloader", "nHentai-Downloader.csproj", "{B943031D-FAD9-498F-AF93-15D1DC4F3A3C}"
EndProject
Global
	GlobalSection(SolutionConfigurationPlatforms) = preSolution
		Debug|Any CPU = Debug|Any CPU
		Release|Any CPU = Release|Any CPU
	EndGlobalSection
	GlobalSection(ProjectConfigurationPlatforms) = postSolution
		{B943031D-FAD9-498F-AF93-15D1DC4F3A3C}.Debug|Any CPU.ActiveCfg = Debug|Any CPU
		{B943031D-FAD9-498F-AF93-15D1DC4F3A3C}.Debug|Any CPU.Build.0 = Debug|Any CPU
		{B943031D-FAD9-498F-AF93-15D1DC4F3A3C}.Release|Any CPU.ActiveCfg = Release|Any CPU
		{B943031D-FAD9-498F-AF93-15D1DC4F3A3C}.Release|Any CPU.Build.0 = Release|Any CPU
	EndGlobalSection
	GlobalSection(SolutionProperties) = preSolution
		HideSolutionNode = FALSE
	EndGlobalSection
	GlobalSection(ExtensibilityGlobals) = postSolution
		SolutionGuid = {4EA3451D-D297-4F4F-A606-C1E675C0204E}
	EndGlobalSection
EndGlobal
